{
  "lockfileVersion": 1,
  "configVersion": 1,
  "workspaces": {
    "": {
      "dependencies": {
        "untun": "^0.2.2",
      },
    },
  },
  "packages": {
    "untun": ["untun@0.2.2", "", { "bin": { "untun": "dist/cli.mjs" } }, "sha512-+NnOJcSiEtYsVgJmXUzQbJeRAFXJC4yPJYuh6kF9B0Rm6zunXcs/3GZOTllyocSbUDIxD6Bj7e/4ATw7sph1Sw=="],
  }
}
